allowVolumeExpansion: true
apiVersion: storage.k8s.io/v1
kind: StorageClass
metadata:
  annotations:
    k10.kasten.io/revalidated-at: '{"Status":"Valid","LastUpdateTime":"2023-10-24T19:26:43Z","Errors":null}'
    meta.helm.sh/release-name: rook-ceph-cluster
    meta.helm.sh/release-namespace: storage
    storageclass.kubernetes.io/is-default-class: "true"
  creationTimestamp: "2022-05-26T00:14:30Z"
  labels:
    app.kubernetes.io/managed-by: Helm
    helm.toolkit.fluxcd.io/name: rook-ceph-cluster
    helm.toolkit.fluxcd.io/namespace: storage
  name: ceph-block
  resourceVersion: "408535510"
  uid: 66226534-da99-45e5-9d62-5cd43b302462
mountOptions:
- discard
parameters:
  clusterID: storage
  csi.storage.k8s.io/controller-expand-secret-name: rook-csi-rbd-provisioner
  csi.storage.k8s.io/controller-expand-secret-namespace: storage
  csi.storage.k8s.io/fstype: ext4
  csi.storage.k8s.io/node-stage-secret-name: rook-csi-rbd-node
  csi.storage.k8s.io/node-stage-secret-namespace: storage
  csi.storage.k8s.io/provisioner-secret-name: rook-csi-rbd-provisioner
  csi.storage.k8s.io/provisioner-secret-namespace: storage
  imageFeatures: layering
  imageFormat: "2"
  pool: ceph-block
provisioner: storage.rbd.csi.ceph.com
reclaimPolicy: Retain
volumeBindingMode: Immediate
